
Microsoft Visual Studio Solution File, Format Version 12.00
# Visual Studio Version 17
VisualStudioVersion = 17.11.35312.102
MinimumVisualStudioVersion = 10.0.40219.1
Project("{9A19103F-16F7-4668-BE54-9A1E7A4F7556}") = "ScreenshotMaker", "ScreenshotMaker.csproj", "{6B4FFF4F-A3A5-4218-B2D9-19AF0025DA01}"
EndProject
Global
	GlobalSection(SolutionConfigurationPlatforms) = preSolution
		Debug|Any CPU = Debug|Any CPU
		Release|Any CPU = Release|Any CPU
	EndGlobalSection
	GlobalSection(ProjectConfigurationPlatforms) = postSolution
		{6B4FFF4F-A3A5-4218-B2D9-19AF0025DA01}.Debug|Any CPU.ActiveCfg = Debug|Any CPU
		{6B4FFF4F-A3A5-4218-B2D9-19AF0025DA01}.Debug|Any CPU.Build.0 = Debug|Any CPU
		{6B4FFF4F-A3A5-4218-B2D9-19AF0025DA01}.Release|Any CPU.ActiveCfg = Release|Any CPU
		{6B4FFF4F-A3A5-4218-B2D9-19AF0025DA01}.Release|Any CPU.Build.0 = Release|Any CPU
	EndGlobalSection
	GlobalSection(SolutionProperties) = preSolution
		HideSolutionNode = FALSE
	EndGlobalSection
	GlobalSection(ExtensibilityGlobals) = postSolution
		SolutionGuid = {2B44F6C2-9BC1-4D53-B5D0-858F78884463}
	EndGlobalSection
EndGlobal
